{
  "version": "1",
  "sources": {
    "git-hooks": {
      "type": "GitHub",
      "fetchType": "tarball",
      "owner": "cachix",
      "repo": "git-hooks.nix",
      "branch": "master",
      "revision": "46d55f0aeb1d567a78223e69729734f3dca25a85",
      "url": "https://github.com/cachix/git-hooks.nix/archive/46d55f0aeb1d567a78223e69729734f3dca25a85.tar.gz",
      "hash": "sha256-WftxJgr2MeDDFK47fQKywzC72L2jRc/PWcyGdjaDzkw="
    },
    "nix-actions": {
      "type": "Git",
      "fetchType": "git",
      "branch": "main",
      "revision": "06847b3256df402da0475dccb290832ec92a9f8c",
      "url": "https://git.dgnum.eu/DGNum/nix-actions.git",
      "hash": "sha256-2xOZdKiUfcriQFKG37vY96dgCJLndhLa7cGacq8+SA8=",
      "lastModified": 1746294989,
      "submodules": false
    },
    "nixpkgs": {
      "type": "GitHub",
      "fetchType": "tarball",
      "owner": "NixOS",
      "repo": "nixpkgs",
      "branch": "nixpkgs-unstable",
      "revision": "cb82756ecc37fa623f8cf3e88854f9bf7f64af93",
      "url": "https://github.com/NixOS/nixpkgs/archive/cb82756ecc37fa623f8cf3e88854f9bf7f64af93.tar.gz",
      "hash": "sha256-0JDOal5P7xzzAibvD0yTE3ptyvoVOAL0rcELmDdtSKg="
    }
  }
}
