{
  "version": "1",
  "sources": {
    "git-hooks": {
      "type": "GitHub",
      "fetchType": "tarball",
      "owner": "cachix",
      "repo": "git-hooks.nix",
      "branch": "master",
      "revision": "9c52372878df6911f9afc1e2a1391f55e4dfc864",
      "url": "https://github.com/cachix/git-hooks.nix/archive/9c52372878df6911f9afc1e2a1391f55e4dfc864.tar.gz",
      "hash": "sha256-c6yg0EQ9xVESx6HGDOCMcyRSjaTpNJP10ef+6fRcofA="
    },
    "nix-actions": {
      "type": "Git",
      "fetchType": "git",
      "branch": "main",
      "revision": "06847b3256df402da0475dccb290832ec92a9f8c",
      "url": "https://git.dgnum.eu/DGNum/nix-actions.git",
      "hash": "sha256-2xOZdKiUfcriQFKG37vY96dgCJLndhLa7cGacq8+SA8=",
      "lastModified": 1746294989,
      "submodules": false
    },
    "nixpkgs": {
      "type": "GitHub",
      "fetchType": "tarball",
      "owner": "NixOS",
      "repo": "nixpkgs",
      "branch": "nixpkgs-unstable",
      "revision": "e9f00bd893984bc8ce46c895c3bf7cac95331127",
      "url": "https://github.com/NixOS/nixpkgs/archive/e9f00bd893984bc8ce46c895c3bf7cac95331127.tar.gz",
      "hash": "sha256-0m27AKv6ka+q270dw48KflE0LwQYrO7Fm4/2//KCVWg="
    }
  }
}
